
Microsoft Visual Studio Solution File, Format Version 12.00
# Visual Studio Version 16
VisualStudioVersion = 16.0.29709.97
MinimumVisualStudioVersion = 10.0.40219.1
Project("{FAE04EC0-301F-11D3-BF4B-00C04F79EFBC}") = "CommunicationDevice", "CommunicationDevice\CommunicationDevice.csproj", "{DEDAD918-9BC3-40B2-89C2-236390CEA951}"
EndProject
Global
	GlobalSection(SolutionConfigurationPlatforms) = preSolution
		Debug|Any CPU = Debug|Any CPU
		Release|Any CPU = Release|Any CPU
	EndGlobalSection
	GlobalSection(ProjectConfigurationPlatforms) = postSolution
		{DEDAD918-9BC3-40B2-89C2-236390CEA951}.Debug|Any CPU.ActiveCfg = Debug|Any CPU
		{DEDAD918-9BC3-40B2-89C2-236390CEA951}.Debug|Any CPU.Build.0 = Debug|Any CPU
		{DEDAD918-9BC3-40B2-89C2-236390CEA951}.Release|Any CPU.ActiveCfg = Release|Any CPU
		{DEDAD918-9BC3-40B2-89C2-236390CEA951}.Release|Any CPU.Build.0 = Release|Any CPU
	EndGlobalSection
	GlobalSection(SolutionProperties) = preSolution
		HideSolutionNode = FALSE
	EndGlobalSection
	GlobalSection(ExtensibilityGlobals) = postSolution
		SolutionGuid = {D4766228-55CD-4B25-B98C-9641DD036C12}
	EndGlobalSection
EndGlobal
